
Microsoft Visual Studio Solution File, Format Version 12.00
# Visual Studio 15
VisualStudioVersion = 15.0.28307.271
MinimumVisualStudioVersion = 10.0.40219.1
Project("{FAE04EC0-301F-11D3-BF4B-00C04F79EFBC}") = "POSK", "POSK\POSK.csproj", "{DCF9C780-4252-4725-9162-50699D1BE9BD}"
EndProject
Global
	GlobalSection(SolutionConfigurationPlatforms) = preSolution
		Debug|Any CPU = Debug|Any CPU
		Release|Any CPU = Release|Any CPU
	EndGlobalSection
	GlobalSection(ProjectConfigurationPlatforms) = postSolution
		{DCF9C780-4252-4725-9162-50699D1BE9BD}.Debug|Any CPU.ActiveCfg = Debug|Any CPU
		{DCF9C780-4252-4725-9162-50699D1BE9BD}.Debug|Any CPU.Build.0 = Debug|Any CPU
		{DCF9C780-4252-4725-9162-50699D1BE9BD}.Release|Any CPU.ActiveCfg = Release|Any CPU
		{DCF9C780-4252-4725-9162-50699D1BE9BD}.Release|Any CPU.Build.0 = Release|Any CPU
	EndGlobalSection
	GlobalSection(SolutionProperties) = preSolution
		HideSolutionNode = FALSE
	EndGlobalSection
	GlobalSection(ExtensibilityGlobals) = postSolution
		SolutionGuid = {270123EE-7BE8-4D2F-872F-5520A3ECABB6}
	EndGlobalSection
EndGlobal
